<?xml version="1.0" encoding="utf-8"?>
<Project ToolsVersion="4.0" xmlns="http://schemas.microsoft.com/developer/msbuild/2003">
  <ItemGroup>
    <Filter Include="Header Files">
      <UniqueIdentifier>{93995380-89BD-4b04-88EB-625FBE52EBFB}</UniqueIdentifier>
      <Extensions>h;hh;hpp;hxx;h++;hm;inl;inc;ipp;xsd</Extensions>
    </Filter>
    <Filter Include="Font">
      <UniqueIdentifier>{e70c2a45-cd02-4db6-9981-91430b90c810}</UniqueIdentifier>
    </Filter>
    <Filter Include="Source Files">
      <UniqueIdentifier>{4FC737F1-C7A5-4376-A066-2A32D752A2FF}</UniqueIdentifier>
      <Extensions>cpp;c;cc;cxx;c++;cppm;ixx;def;odl;idl;hpj;bat;asm;asmx</Extensions>
    </Filter>
  </ItemGroup>
  <ItemGroup>
    <ClCompile Include="src\Person.cpp">
      <Filter>Source Files</Filter>
    </ClCompile>
    <ClCompile Include="src\Search.cpp">
      <Filter>Source Files</Filter>
    </ClCompile>
    <ClCompile Include="src\Staff.cpp">
      <Filter>Source Files</Filter>
    </ClCompile>
    <ClCompile Include="src\Student.cpp">
      <Filter>Source Files</Filter>
    </ClCompile>
    <ClCompile Include="src\textProcessor.cpp">
      <Filter>Source Files</Filter>
    </ClCompile>
    <ClCompile Include="src\Account.cpp">
      <Filter>Source Files</Filter>
    </ClCompile>
    <ClCompile Include="src\file_handling.cpp">
      <Filter>Source Files</Filter>
    </ClCompile>
    <ClCompile Include="src\Graphic.cpp">
      <Filter>Source Files</Filter>
    </ClCompile>
    <ClCompile Include="src\main.cpp">
      <Filter>Source Files</Filter>
    </ClCompile>
    <ClCompile Include="src\MangaManager.cpp">
      <Filter>Source Files</Filter>
    </ClCompile>
    <ClCompile Include="src\Menu_.cpp">
      <Filter>Source Files</Filter>
    </ClCompile>
  </ItemGroup>
  <ItemGroup>
    <ClInclude Include="src\Account.h">
      <Filter>Header Files</Filter>
    </ClInclude>
    <ClInclude Include="src\file_handling.h">
      <Filter>Header Files</Filter>
    </ClInclude>
    <ClInclude Include="src\Graphic.h">
      <Filter>Header Files</Filter>
    </ClInclude>
    <ClInclude Include="src\MangaManager.h">
      <Filter>Header Files</Filter>
    </ClInclude>
    <ClInclude Include="src\Menu_.h">
      <Filter>Header Files</Filter>
    </ClInclude>
    <ClInclude Include="src\Person.h">
      <Filter>Header Files</Filter>
    </ClInclude>
    <ClInclude Include="src\Search.h">
      <Filter>Header Files</Filter>
    </ClInclude>
    <ClInclude Include="src\Staff.h">
      <Filter>Header Files</Filter>
    </ClInclude>
    <ClInclude Include="src\Student.h">
      <Filter>Header Files</Filter>
    </ClInclude>
    <ClInclude Include="src\textProcessor.h">
      <Filter>Header Files</Filter>
    </ClInclude>
  </ItemGroup>
</Project>